
Microsoft Visual Studio Solution File, Format Version 12.00
# Visual Studio 15
VisualStudioVersion = 15.0.27428.2015
MinimumVisualStudioVersion = 10.0.40219.1
Project("{FAE04EC0-301F-11D3-BF4B-00C04F79EFBC}") = "App1", "App1\App1.csproj", "{77E1F80D-999F-4444-B5C1-E1498342214E}"
EndProject
Global
	GlobalSection(SolutionConfigurationPlatforms) = preSolution
		Debug|iPhone = Debug|iPhone
		Debug|iPhoneSimulator = Debug|iPhoneSimulator
		Release|iPhone = Release|iPhone
		Release|iPhoneSimulator = Release|iPhoneSimulator
	EndGlobalSection
	GlobalSection(ProjectConfigurationPlatforms) = postSolution
		{77E1F80D-999F-4444-B5C1-E1498342214E}.Debug|iPhone.ActiveCfg = Debug|iPhone
		{77E1F80D-999F-4444-B5C1-E1498342214E}.Debug|iPhone.Build.0 = Debug|iPhone
		{77E1F80D-999F-4444-B5C1-E1498342214E}.Debug|iPhoneSimulator.ActiveCfg = Debug|iPhoneSimulator
		{77E1F80D-999F-4444-B5C1-E1498342214E}.Debug|iPhoneSimulator.Build.0 = Debug|iPhoneSimulator
		{77E1F80D-999F-4444-B5C1-E1498342214E}.Release|iPhone.ActiveCfg = Release|iPhone
		{77E1F80D-999F-4444-B5C1-E1498342214E}.Release|iPhone.Build.0 = Release|iPhone
		{77E1F80D-999F-4444-B5C1-E1498342214E}.Release|iPhoneSimulator.ActiveCfg = Release|iPhoneSimulator
		{77E1F80D-999F-4444-B5C1-E1498342214E}.Release|iPhoneSimulator.Build.0 = Release|iPhoneSimulator
	EndGlobalSection
	GlobalSection(SolutionProperties) = preSolution
		HideSolutionNode = FALSE
	EndGlobalSection
	GlobalSection(ExtensibilityGlobals) = postSolution
		SolutionGuid = {55D0808E-8101-4B9F-AFA2-B485C3C785EB}
	EndGlobalSection
EndGlobal
